
Microsoft Visual Studio Solution File, Format Version 12.00
# Visual Studio Version 17
VisualStudioVersion = 17.10.35004.147
MinimumVisualStudioVersion = 10.0.40219.1
Project("{FAE04EC0-301F-11D3-BF4B-00C04F79EFBC}") = "TestAndPracticeConsoleApp", "TestAndPracticeConsoleApp\TestAndPracticeConsoleApp.csproj", "{12866768-63C6-4B17-A03B-72EEBFF2B3E7}"
EndProject
Global
	GlobalSection(SolutionConfigurationPlatforms) = preSolution
		Debug|Any CPU = Debug|Any CPU
		Release|Any CPU = Release|Any CPU
	EndGlobalSection
	GlobalSection(ProjectConfigurationPlatforms) = postSolution
		{12866768-63C6-4B17-A03B-72EEBFF2B3E7}.Debug|Any CPU.ActiveCfg = Debug|Any CPU
		{12866768-63C6-4B17-A03B-72EEBFF2B3E7}.Debug|Any CPU.Build.0 = Debug|Any CPU
		{12866768-63C6-4B17-A03B-72EEBFF2B3E7}.Release|Any CPU.ActiveCfg = Release|Any CPU
		{12866768-63C6-4B17-A03B-72EEBFF2B3E7}.Release|Any CPU.Build.0 = Release|Any CPU
	EndGlobalSection
	GlobalSection(SolutionProperties) = preSolution
		HideSolutionNode = FALSE
	EndGlobalSection
	GlobalSection(ExtensibilityGlobals) = postSolution
		SolutionGuid = {5D20BB49-D477-48AF-9B15-F21D4F8B9E46}
	EndGlobalSection
EndGlobal
